// !$*UTF8*$!
{
	archiveVersion = 1;
	classes = {
	};
	objectVersion = 50;
	objects = {

/* Begin PBXBuildFile section */
		80CE7AACA4D68AE995CCA8E2 /* Pods_TSRefresh.framework in Frameworks */ = {isa = PBXBuildFile; fileRef = D628A377C28A1E6877D1D5AE /* Pods_TSRefresh.framework */; };
		B25CEBF520DB901F00F47F17 /* AppDelegate.swift in Sources */ = {isa = PBXBuildFile; fileRef = B25CEBF420DB901F00F47F17 /* AppDelegate.swift */; };
		B25CEBF720DB901F00F47F17 /* ViewController.swift in Sources */ = {isa = PBXBuildFile; fileRef = B25CEBF620DB901F00F47F17 /* ViewController.swift */; };
		B25CEBFA20DB901F00F47F17 /* Main.storyboard in Resources */ = {isa = PBXBuildFile; fileRef = B25CEBF820DB901F00F47F17 /* Main.storyboard */; };
		B25CEBFC20DB902100F47F17 /* Assets.xcassets in Resources */ = {isa = PBXBuildFile; fileRef = B25CEBFB20DB902100F47F17 /* Assets.xcassets */; };
		B25CEBFF20DB902100F47F17 /* LaunchScreen.storyboard in Resources */ = {isa = PBXBuildFile; fileRef = B25CEBFD20DB902100F47F17 /* LaunchScreen.storyboard */; };
		B25CEC0A20DB902100F47F17 /* TSRefreshTests.swift in Sources */ = {isa = PBXBuildFile; fileRef = B25CEC0920DB902100F47F17 /* TSRefreshTests.swift */; };
		B25CEC1520DB902100F47F17 /* TSRefreshUITests.swift in Sources */ = {isa = PBXBuildFile; fileRef = B25CEC1420DB902100F47F17 /* TSRefreshUITests.swift */; };
		B27D52A3212C0EBB0080638F /* UIScrollView+TSRefreshStyle.m in Sources */ = {isa = PBXBuildFile; fileRef = B27D52A2212C0EBB0080638F /* UIScrollView+TSRefreshStyle.m */; };
		B27D52A6212C0ECB0080638F /* UIScrollView+TSRefresh.m in Sources */ = {isa = PBXBuildFile; fileRef = B27D52A5212C0ECB0080638F /* UIScrollView+TSRefresh.m */; };
/* End PBXBuildFile section */

/* Begin PBXContainerItemProxy section */
		B25CEC0620DB902100F47F17 /* PBXContainerItemProxy */ = {
			isa = PBXContainerItemProxy;
			containerPortal = B25CEBE920DB901F00F47F17 /* Project object */;
			proxyType = 1;
			remoteGlobalIDString = B25CEBF020DB901F00F47F17;
			remoteInfo = TSRefresh;
		};
		B25CEC1120DB902100F47F17 /* PBXContainerItemProxy */ = {
			isa = PBXContainerItemProxy;
			containerPortal = B25CEBE920DB901F00F47F17 /* Project object */;
			proxyType = 1;
			remoteGlobalIDString = B25CEBF020DB901F00F47F17;
			remoteInfo = TSRefresh;
		};
/* End PBXContainerItemProxy section */

/* Begin PBXFileReference section */
		432EE7685A733F93DB162E69 /* Pods-TSRefresh.release.xcconfig */ = {isa = PBXFileReference; includeInIndex = 1; lastKnownFileType = text.xcconfig; name = "Pods-TSRefresh.release.xcconfig"; path = "Pods/Target Support Files/Pods-TSRefresh/Pods-TSRefresh.release.xcconfig"; sourceTree = "<group>"; };
		B25CEBF120DB901F00F47F17 /* TSRefresh.app */ = {isa = PBXFileReference; explicitFileType = wrapper.application; includeInIndex = 0; path = TSRefresh.app; sourceTree = BUILT_PRODUCTS_DIR; };
		B25CEBF420DB901F00F47F17 /* AppDelegate.swift */ = {isa = PBXFileReference; lastKnownFileType = sourcecode.swift; path = AppDelegate.swift; sourceTree = "<group>"; };
		B25CEBF620DB901F00F47F17 /* ViewController.swift */ = {isa = PBXFileReference; lastKnownFileType = sourcecode.swift; path = ViewController.swift; sourceTree = "<group>"; };
		B25CEBF920DB901F00F47F17 /* Base */ = {isa = PBXFileReference; lastKnownFileType = file.storyboard; name = Base; path = Base.lproj/Main.storyboard; sourceTree = "<group>"; };
		B25CEBFB20DB902100F47F17 /* Assets.xcassets */ = {isa = PBXFileReference; lastKnownFileType = folder.assetcatalog; path = Assets.xcassets; sourceTree = "<group>"; };
		B25CEBFE20DB902100F47F17 /* Base */ = {isa = PBXFileReference; lastKnownFileType = file.storyboard; name = Base; path = Base.lproj/LaunchScreen.storyboard; sourceTree = "<group>"; };
		B25CEC0020DB902100F47F17 /* Info.plist */ = {isa = PBXFileReference; lastKnownFileType = text.plist.xml; path = Info.plist; sourceTree = "<group>"; };
		B25CEC0520DB902100F47F17 /* TSRefreshTests.xctest */ = {isa = PBXFileReference; explicitFileType = wrapper.cfbundle; includeInIndex = 0; path = TSRefreshTests.xctest; sourceTree = BUILT_PRODUCTS_DIR; };
		B25CEC0920DB902100F47F17 /* TSRefreshTests.swift */ = {isa = PBXFileReference; lastKnownFileType = sourcecode.swift; path = TSRefreshTests.swift; sourceTree = "<group>"; };
		B25CEC0B20DB902100F47F17 /* Info.plist */ = {isa = PBXFileReference; lastKnownFileType = text.plist.xml; path = Info.plist; sourceTree = "<group>"; };
		B25CEC1020DB902100F47F17 /* TSRefreshUITests.xctest */ = {isa = PBXFileReference; explicitFileType = wrapper.cfbundle; includeInIndex = 0; path = TSRefreshUITests.xctest; sourceTree = BUILT_PRODUCTS_DIR; };
		B25CEC1420DB902100F47F17 /* TSRefreshUITests.swift */ = {isa = PBXFileReference; lastKnownFileType = sourcecode.swift; path = TSRefreshUITests.swift; sourceTree = "<group>"; };
		B25CEC1620DB902100F47F17 /* Info.plist */ = {isa = PBXFileReference; lastKnownFileType = text.plist.xml; path = Info.plist; sourceTree = "<group>"; };
		B27B17C0214A4ECB001F8B9A /* TSRefresh-Bridging-Header.h */ = {isa = PBXFileReference; fileEncoding = 4; lastKnownFileType = sourcecode.c.h; path = "TSRefresh-Bridging-Header.h"; sourceTree = "<group>"; };
		B27D52A1212C0EBB0080638F /* UIScrollView+TSRefreshStyle.h */ = {isa = PBXFileReference; lastKnownFileType = sourcecode.c.h; path = "UIScrollView+TSRefreshStyle.h"; sourceTree = "<group>"; };
		B27D52A2212C0EBB0080638F /* UIScrollView+TSRefreshStyle.m */ = {isa = PBXFileReference; lastKnownFileType = sourcecode.c.objc; path = "UIScrollView+TSRefreshStyle.m"; sourceTree = "<group>"; };
		B27D52A4212C0ECB0080638F /* UIScrollView+TSRefresh.h */ = {isa = PBXFileReference; lastKnownFileType = sourcecode.c.h; path = "UIScrollView+TSRefresh.h"; sourceTree = "<group>"; };
		B27D52A5212C0ECB0080638F /* UIScrollView+TSRefresh.m */ = {isa = PBXFileReference; lastKnownFileType = sourcecode.c.objc; path = "UIScrollView+TSRefresh.m"; sourceTree = "<group>"; };
		B27D52AA212C34010080638F /* TSRefresh.h */ = {isa = PBXFileReference; lastKnownFileType = sourcecode.c.h; path = TSRefresh.h; sourceTree = "<group>"; };
		D628A377C28A1E6877D1D5AE /* Pods_TSRefresh.framework */ = {isa = PBXFileReference; explicitFileType = wrapper.framework; includeInIndex = 0; path = Pods_TSRefresh.framework; sourceTree = BUILT_PRODUCTS_DIR; };
		FEFC4C52D2751F2883C14E9A /* Pods-TSRefresh.debug.xcconfig */ = {isa = PBXFileReference; includeInIndex = 1; lastKnownFileType = text.xcconfig; name = "Pods-TSRefresh.debug.xcconfig"; path = "Pods/Target Support Files/Pods-TSRefresh/Pods-TSRefresh.debug.xcconfig"; sourceTree = "<group>"; };
/* End PBXFileReference section */

/* Begin PBXFrameworksBuildPhase section */
		B25CEBEE20DB901F00F47F17 /* Frameworks */ = {
			isa = PBXFrameworksBuildPhase;
			buildActionMask = 2147483647;
			files = (
				80CE7AACA4D68AE995CCA8E2 /* Pods_TSRefresh.framework in Frameworks */,
			);
			runOnlyForDeploymentPostprocessing = 0;
		};
		B25CEC0220DB902100F47F17 /* Frameworks */ = {
			isa = PBXFrameworksBuildPhase;
			buildActionMask = 2147483647;
			files = (
			);
			runOnlyForDeploymentPostprocessing = 0;
		};
		B25CEC0D20DB902100F47F17 /* Frameworks */ = {
			isa = PBXFrameworksBuildPhase;
			buildActionMask = 2147483647;
			files = (
			);
			runOnlyForDeploymentPostprocessing = 0;
		};
/* End PBXFrameworksBuildPhase section */

/* Begin PBXGroup section */
		6148C3BF88C22CEE56CFCB17 /* Pods */ = {
			isa = PBXGroup;
			children = (
				FEFC4C52D2751F2883C14E9A /* Pods-TSRefresh.debug.xcconfig */,
				432EE7685A733F93DB162E69 /* Pods-TSRefresh.release.xcconfig */,
			);
			name = Pods;
			sourceTree = "<group>";
		};
		A6EE86D7888943C0A89FF36C /* Frameworks */ = {
			isa = PBXGroup;
			children = (
				D628A377C28A1E6877D1D5AE /* Pods_TSRefresh.framework */,
			);
			name = Frameworks;
			sourceTree = "<group>";
		};
		B25CEBE820DB901F00F47F17 = {
			isa = PBXGroup;
			children = (
				B25CEBF320DB901F00F47F17 /* TSRefresh */,
				B25CEC0820DB902100F47F17 /* TSRefreshTests */,
				B25CEC1320DB902100F47F17 /* TSRefreshUITests */,
				B25CEBF220DB901F00F47F17 /* Products */,
				6148C3BF88C22CEE56CFCB17 /* Pods */,
				A6EE86D7888943C0A89FF36C /* Frameworks */,
			);
			sourceTree = "<group>";
		};
		B25CEBF220DB901F00F47F17 /* Products */ = {
			isa = PBXGroup;
			children = (
				B25CEBF120DB901F00F47F17 /* TSRefresh.app */,
				B25CEC0520DB902100F47F17 /* TSRefreshTests.xctest */,
				B25CEC1020DB902100F47F17 /* TSRefreshUITests.xctest */,
			);
			name = Products;
			sourceTree = "<group>";
		};
		B25CEBF320DB901F00F47F17 /* TSRefresh */ = {
			isa = PBXGroup;
			children = (
				B27B17C0214A4ECB001F8B9A /* TSRefresh-Bridging-Header.h */,
				B27D52A9212C329D0080638F /* SwiftCode */,
				B25CEC2220DB910300F47F17 /* TSRefresh */,
				B25CEBF420DB901F00F47F17 /* AppDelegate.swift */,
				B25CEBF620DB901F00F47F17 /* ViewController.swift */,
				B25CEBF820DB901F00F47F17 /* Main.storyboard */,
				B25CEBFB20DB902100F47F17 /* Assets.xcassets */,
				B25CEBFD20DB902100F47F17 /* LaunchScreen.storyboard */,
				B25CEC0020DB902100F47F17 /* Info.plist */,
			);
			path = TSRefresh;
			sourceTree = "<group>";
		};
		B25CEC0820DB902100F47F17 /* TSRefreshTests */ = {
			isa = PBXGroup;
			children = (
				B25CEC0920DB902100F47F17 /* TSRefreshTests.swift */,
				B25CEC0B20DB902100F47F17 /* Info.plist */,
			);
			path = TSRefreshTests;
			sourceTree = "<group>";
		};
		B25CEC1320DB902100F47F17 /* TSRefreshUITests */ = {
			isa = PBXGroup;
			children = (
				B25CEC1420DB902100F47F17 /* TSRefreshUITests.swift */,
				B25CEC1620DB902100F47F17 /* Info.plist */,
			);
			path = TSRefreshUITests;
			sourceTree = "<group>";
		};
		B25CEC2220DB910300F47F17 /* TSRefresh */ = {
			isa = PBXGroup;
			children = (
				B27D528E212C0D660080638F /* Classes */,
			);
			path = TSRefresh;
			sourceTree = "<group>";
		};
		B27D528E212C0D660080638F /* Classes */ = {
			isa = PBXGroup;
			children = (
				B27D52A1212C0EBB0080638F /* UIScrollView+TSRefreshStyle.h */,
				B27D52A2212C0EBB0080638F /* UIScrollView+TSRefreshStyle.m */,
				B27D52A4212C0ECB0080638F /* UIScrollView+TSRefresh.h */,
				B27D52A5212C0ECB0080638F /* UIScrollView+TSRefresh.m */,
				B27D52AA212C34010080638F /* TSRefresh.h */,
			);
			path = Classes;
			sourceTree = "<group>";
		};
		B27D52A9212C329D0080638F /* SwiftCode */ = {
			isa = PBXGroup;
			children = (
			);
			path = SwiftCode;
			sourceTree = "<group>";
		};
/* End PBXGroup section */

/* Begin PBXNativeTarget section */
		B25CEBF020DB901F00F47F17 /* TSRefresh */ = {
			isa = PBXNativeTarget;
			buildConfigurationList = B25CEC1920DB902100F47F17 /* Build configuration list for PBXNativeTarget "TSRefresh" */;
			buildPhases = (
				2D44D6F1606117E91B995197 /* [CP] Check Pods Manifest.lock */,
				B25CEBED20DB901F00F47F17 /* Sources */,
				B25CEBEE20DB901F00F47F17 /* Frameworks */,
				B25CEBEF20DB901F00F47F17 /* Resources */,
				8F7AB560D6338B72407647F4 /* [CP] Embed Pods Frameworks */,
			);
			buildRules = (
			);
			dependencies = (
			);
			name = TSRefresh;
			productName = TSRefresh;
			productReference = B25CEBF120DB901F00F47F17 /* TSRefresh.app */;
			productType = "com.apple.product-type.application";
		};
		B25CEC0420DB902100F47F17 /* TSRefreshTests */ = {
			isa = PBXNativeTarget;
			buildConfigurationList = B25CEC1C20DB902100F47F17 /* Build configuration list for PBXNativeTarget "TSRefreshTests" */;
			buildPhases = (
				B25CEC0120DB902100F47F17 /* Sources */,
				B25CEC0220DB902100F47F17 /* Frameworks */,
				B25CEC0320DB902100F47F17 /* Resources */,
			);
			buildRules = (
			);
			dependencies = (
				B25CEC0720DB902100F47F17 /* PBXTargetDependency */,
			);
			name = TSRefreshTests;
			productName = TSRefreshTests;
			productReference = B25CEC0520DB902100F47F17 /* TSRefreshTests.xctest */;
			productType = "com.apple.product-type.bundle.unit-test";
		};
		B25CEC0F20DB902100F47F17 /* TSRefreshUITests */ = {
			isa = PBXNativeTarget;
			buildConfigurationList = B25CEC1F20DB902100F47F17 /* Build configuration list for PBXNativeTarget "TSRefreshUITests" */;
			buildPhases = (
				B25CEC0C20DB902100F47F17 /* Sources */,
				B25CEC0D20DB902100F47F17 /* Frameworks */,
				B25CEC0E20DB902100F47F17 /* Resources */,
			);
			buildRules = (
			);
			dependencies = (
				B25CEC1220DB902100F47F17 /* PBXTargetDependency */,
			);
			name = TSRefreshUITests;
			productName = TSRefreshUITests;
			productReference = B25CEC1020DB902100F47F17 /* TSRefreshUITests.xctest */;
			productType = "com.apple.product-type.bundle.ui-testing";
		};
/* End PBXNativeTarget section */

/* Begin PBXProject section */
		B25CEBE920DB901F00F47F17 /* Project object */ = {
			isa = PBXProject;
			attributes = {
				LastSwiftUpdateCheck = 0930;
				LastUpgradeCheck = 0930;
				ORGANIZATIONNAME = caiqr;
				TargetAttributes = {
					B25CEBF020DB901F00F47F17 = {
						CreatedOnToolsVersion = 9.3;
						LastSwiftMigration = 0930;
					};
					B25CEC0420DB902100F47F17 = {
						CreatedOnToolsVersion = 9.3;
						TestTargetID = B25CEBF020DB901F00F47F17;
					};
					B25CEC0F20DB902100F47F17 = {
						CreatedOnToolsVersion = 9.3;
						TestTargetID = B25CEBF020DB901F00F47F17;
					};
				};
			};
			buildConfigurationList = B25CEBEC20DB901F00F47F17 /* Build configuration list for PBXProject "TSRefresh" */;
			compatibilityVersion = "Xcode 9.3";
			developmentRegion = en;
			hasScannedForEncodings = 0;
			knownRegions = (
				en,
				Base,
				"zh-Hans",
			);
			mainGroup = B25CEBE820DB901F00F47F17;
			productRefGroup = B25CEBF220DB901F00F47F17 /* Products */;
			projectDirPath = "";
			projectRoot = "";
			targets = (
				B25CEBF020DB901F00F47F17 /* TSRefresh */,
				B25CEC0420DB902100F47F17 /* TSRefreshTests */,
				B25CEC0F20DB902100F47F17 /* TSRefreshUITests */,
			);
		};
/* End PBXProject section */

/* Begin PBXResourcesBuildPhase section */
		B25CEBEF20DB901F00F47F17 /* Resources */ = {
			isa = PBXResourcesBuildPhase;
			buildActionMask = 2147483647;
			files = (
				B25CEBFF20DB902100F47F17 /* LaunchScreen.storyboard in Resources */,
				B25CEBFC20DB902100F47F17 /* Assets.xcassets in Resources */,
				B25CEBFA20DB901F00F47F17 /* Main.storyboard in Resources */,
			);
			runOnlyForDeploymentPostprocessing = 0;
		};
		B25CEC0320DB902100F47F17 /* Resources */ = {
			isa = PBXResourcesBuildPhase;
			buildActionMask = 2147483647;
			files = (
			);
			runOnlyForDeploymentPostprocessing = 0;
		};
		B25CEC0E20DB902100F47F17 /* Resources */ = {
			isa = PBXResourcesBuildPhase;
			buildActionMask = 2147483647;
			files = (
			);
			runOnlyForDeploymentPostprocessing = 0;
		};
/* End PBXResourcesBuildPhase section */

/* Begin PBXShellScriptBuildPhase section */
		2D44D6F1606117E91B995197 /* [CP] Check Pods Manifest.lock */ = {
			isa = PBXShellScriptBuildPhase;
			buildActionMask = 2147483647;
			files = (
			);
			inputPaths = (
				"${PODS_PODFILE_DIR_PATH}/Podfile.lock",
				"${PODS_ROOT}/Manifest.lock",
			);
			name = "[CP] Check Pods Manifest.lock";
			outputPaths = (
				"$(DERIVED_FILE_DIR)/Pods-TSRefresh-checkManifestLockResult.txt",
			);
			runOnlyForDeploymentPostprocessing = 0;
			shellPath = /bin/sh;
			shellScript = "diff \"${PODS_PODFILE_DIR_PATH}/Podfile.lock\" \"${PODS_ROOT}/Manifest.lock\" > /dev/null\nif [ $? != 0 ] ; then\n    # print error to STDERR\n    echo \"error: The sandbox is not in sync with the Podfile.lock. Run 'pod install' or update your CocoaPods installation.\" >&2\n    exit 1\nfi\n# This output is used by Xcode 'outputs' to avoid re-running this script phase.\necho \"SUCCESS\" > \"${SCRIPT_OUTPUT_FILE_0}\"\n";
			showEnvVarsInLog = 0;
		};
		8F7AB560D6338B72407647F4 /* [CP] Embed Pods Frameworks */ = {
			isa = PBXShellScriptBuildPhase;
			buildActionMask = 2147483647;
			files = (
			);
			inputPaths = (
				"${SRCROOT}/Pods/Target Support Files/Pods-TSRefresh/Pods-TSRefresh-frameworks.sh",
				"${BUILT_PRODUCTS_DIR}/MJRefresh/MJRefresh.framework",
			);
			name = "[CP] Embed Pods Frameworks";
			outputPaths = (
				"${TARGET_BUILD_DIR}/${FRAMEWORKS_FOLDER_PATH}/MJRefresh.framework",
			);
			runOnlyForDeploymentPostprocessing = 0;
			shellPath = /bin/sh;
			shellScript = "\"${SRCROOT}/Pods/Target Support Files/Pods-TSRefresh/Pods-TSRefresh-frameworks.sh\"\n";
			showEnvVarsInLog = 0;
		};
/* End PBXShellScriptBuildPhase section */

/* Begin PBXSourcesBuildPhase section */
		B25CEBED20DB901F00F47F17 /* Sources */ = {
			isa = PBXSourcesBuildPhase;
			buildActionMask = 2147483647;
			files = (
				B25CEBF720DB901F00F47F17 /* ViewController.swift in Sources */,
				B25CEBF520DB901F00F47F17 /* AppDelegate.swift in Sources */,
				B27D52A3212C0EBB0080638F /* UIScrollView+TSRefreshStyle.m in Sources */,
				B27D52A6212C0ECB0080638F /* UIScrollView+TSRefresh.m in Sources */,
			);
			runOnlyForDeploymentPostprocessing = 0;
		};
		B25CEC0120DB902100F47F17 /* Sources */ = {
			isa = PBXSourcesBuildPhase;
			buildActionMask = 2147483647;
			files = (
				B25CEC0A20DB902100F47F17 /* TSRefreshTests.swift in Sources */,
			);
			runOnlyForDeploymentPostprocessing = 0;
		};
		B25CEC0C20DB902100F47F17 /* Sources */ = {
			isa = PBXSourcesBuildPhase;
			buildActionMask = 2147483647;
			files = (
				B25CEC1520DB902100F47F17 /* TSRefreshUITests.swift in Sources */,
			);
			runOnlyForDeploymentPostprocessing = 0;
		};
/* End PBXSourcesBuildPhase section */

/* Begin PBXTargetDependency section */
		B25CEC0720DB902100F47F17 /* PBXTargetDependency */ = {
			isa = PBXTargetDependency;
			target = B25CEBF020DB901F00F47F17 /* TSRefresh */;
			targetProxy = B25CEC0620DB902100F47F17 /* PBXContainerItemProxy */;
		};
		B25CEC1220DB902100F47F17 /* PBXTargetDependency */ = {
			isa = PBXTargetDependency;
			target = B25CEBF020DB901F00F47F17 /* TSRefresh */;
			targetProxy = B25CEC1120DB902100F47F17 /* PBXContainerItemProxy */;
		};
/* End PBXTargetDependency section */

/* Begin PBXVariantGroup section */
		B25CEBF820DB901F00F47F17 /* Main.storyboard */ = {
			isa = PBXVariantGroup;
			children = (
				B25CEBF920DB901F00F47F17 /* Base */,
			);
			name = Main.storyboard;
			sourceTree = "<group>";
		};
		B25CEBFD20DB902100F47F17 /* LaunchScreen.storyboard */ = {
			isa = PBXVariantGroup;
			children = (
				B25CEBFE20DB902100F47F17 /* Base */,
			);
			name = LaunchScreen.storyboard;
			sourceTree = "<group>";
		};
/* End PBXVariantGroup section */

/* Begin XCBuildConfiguration section */
		B25CEC1720DB902100F47F17 /* Debug */ = {
			isa = XCBuildConfiguration;
			buildSettings = {
				ALWAYS_SEARCH_USER_PATHS = NO;
				CLANG_ANALYZER_NONNULL = YES;
				CLANG_ANALYZER_NUMBER_OBJECT_CONVERSION = YES_AGGRESSIVE;
				CLANG_CXX_LANGUAGE_STANDARD = "gnu++14";
				CLANG_CXX_LIBRARY = "libc++";
				CLANG_ENABLE_MODULES = YES;
				CLANG_ENABLE_OBJC_ARC = YES;
				CLANG_ENABLE_OBJC_WEAK = YES;
				CLANG_WARN_BLOCK_CAPTURE_AUTORELEASING = YES;
				CLANG_WARN_BOOL_CONVERSION = YES;
				CLANG_WARN_COMMA = YES;
				CLANG_WARN_CONSTANT_CONVERSION = YES;
				CLANG_WARN_DEPRECATED_OBJC_IMPLEMENTATIONS = YES;
				CLANG_WARN_DIRECT_OBJC_ISA_USAGE = YES_ERROR;
				CLANG_WARN_DOCUMENTATION_COMMENTS = YES;
				CLANG_WARN_EMPTY_BODY = YES;
				CLANG_WARN_ENUM_CONVERSION = YES;
				CLANG_WARN_INFINITE_RECURSION = YES;
				CLANG_WARN_INT_CONVERSION = YES;
				CLANG_WARN_NON_LITERAL_NULL_CONVERSION = YES;
				CLANG_WARN_OBJC_IMPLICIT_RETAIN_SELF = YES;
				CLANG_WARN_OBJC_LITERAL_CONVERSION = YES;
				CLANG_WARN_OBJC_ROOT_CLASS = YES_ERROR;
				CLANG_WARN_RANGE_LOOP_ANALYSIS = YES;
				CLANG_WARN_STRICT_PROTOTYPES = YES;
				CLANG_WARN_SUSPICIOUS_MOVE = YES;
				CLANG_WARN_UNGUARDED_AVAILABILITY = YES_AGGRESSIVE;
				CLANG_WARN_UNREACHABLE_CODE = YES;
				CLANG_WARN__DUPLICATE_METHOD_MATCH = YES;
				CODE_SIGN_IDENTITY = "iPhone Developer";
				COPY_PHASE_STRIP = NO;
				DEBUG_INFORMATION_FORMAT = dwarf;
				ENABLE_STRICT_OBJC_MSGSEND = YES;
				ENABLE_TESTABILITY = YES;
				GCC_C_LANGUAGE_STANDARD = gnu11;
				GCC_DYNAMIC_NO_PIC = NO;
				GCC_NO_COMMON_BLOCKS = YES;
				GCC_OPTIMIZATION_LEVEL = 0;
				GCC_PREPROCESSOR_DEFINITIONS = (
					"DEBUG=1",
					"$(inherited)",
				);
				GCC_WARN_64_TO_32_BIT_CONVERSION = YES;
				GCC_WARN_ABOUT_RETURN_TYPE = YES_ERROR;
				GCC_WARN_UNDECLARED_SELECTOR = YES;
				GCC_WARN_UNINITIALIZED_AUTOS = YES_AGGRESSIVE;
				GCC_WARN_UNUSED_FUNCTION = YES;
				GCC_WARN_UNUSED_VARIABLE = YES;
				IPHONEOS_DEPLOYMENT_TARGET = 11.3;
				MTL_ENABLE_DEBUG_INFO = YES;
				ONLY_ACTIVE_ARCH = YES;
				SDKROOT = iphoneos;
				SWIFT_ACTIVE_COMPILATION_CONDITIONS = DEBUG;
				SWIFT_OPTIMIZATION_LEVEL = "-Onone";
			};
			name = Debug;
		};
		B25CEC1820DB902100F47F17 /* Release */ = {
			isa = XCBuildConfiguration;
			buildSettings = {
				ALWAYS_SEARCH_USER_PATHS = NO;
				CLANG_ANALYZER_NONNULL = YES;
				CLANG_ANALYZER_NUMBER_OBJECT_CONVERSION = YES_AGGRESSIVE;
				CLANG_CXX_LANGUAGE_STANDARD = "gnu++14";
				CLANG_CXX_LIBRARY = "libc++";
				CLANG_ENABLE_MODULES = YES;
				CLANG_ENABLE_OBJC_ARC = YES;
				CLANG_ENABLE_OBJC_WEAK = YES;
				CLANG_WARN_BLOCK_CAPTURE_AUTORELEASING = YES;
				CLANG_WARN_BOOL_CONVERSION = YES;
				CLANG_WARN_COMMA = YES;
				CLANG_WARN_CONSTANT_CONVERSION = YES;
				CLANG_WARN_DEPRECATED_OBJC_IMPLEMENTATIONS = YES;
				CLANG_WARN_DIRECT_OBJC_ISA_USAGE = YES_ERROR;
				CLANG_WARN_DOCUMENTATION_COMMENTS = YES;
				CLANG_WARN_EMPTY_BODY = YES;
				CLANG_WARN_ENUM_CONVERSION = YES;
				CLANG_WARN_INFINITE_RECURSION = YES;
				CLANG_WARN_INT_CONVERSION = YES;
				CLANG_WARN_NON_LITERAL_NULL_CONVERSION = YES;
				CLANG_WARN_OBJC_IMPLICIT_RETAIN_SELF = YES;
				CLANG_WARN_OBJC_LITERAL_CONVERSION = YES;
				CLANG_WARN_OBJC_ROOT_CLASS = YES_ERROR;
				CLANG_WARN_RANGE_LOOP_ANALYSIS = YES;
				CLANG_WARN_STRICT_PROTOTYPES = YES;
				CLANG_WARN_SUSPICIOUS_MOVE = YES;
				CLANG_WARN_UNGUARDED_AVAILABILITY = YES_AGGRESSIVE;
				CLANG_WARN_UNREACHABLE_CODE = YES;
				CLANG_WARN__DUPLICATE_METHOD_MATCH = YES;
				CODE_SIGN_IDENTITY = "iPhone Developer";
				COPY_PHASE_STRIP = NO;
				DEBUG_INFORMATION_FORMAT = "dwarf-with-dsym";
				ENABLE_NS_ASSERTIONS = NO;
				ENABLE_STRICT_OBJC_MSGSEND = YES;
				GCC_C_LANGUAGE_STANDARD = gnu11;
				GCC_NO_COMMON_BLOCKS = YES;
				GCC_WARN_64_TO_32_BIT_CONVERSION = YES;
				GCC_WARN_ABOUT_RETURN_TYPE = YES_ERROR;
				GCC_WARN_UNDECLARED_SELECTOR = YES;
				GCC_WARN_UNINITIALIZED_AUTOS = YES_AGGRESSIVE;
				GCC_WARN_UNUSED_FUNCTION = YES;
				GCC_WARN_UNUSED_VARIABLE = YES;
				IPHONEOS_DEPLOYMENT_TARGET = 11.3;
				MTL_ENABLE_DEBUG_INFO = NO;
				SDKROOT = iphoneos;
				SWIFT_COMPILATION_MODE = wholemodule;
				SWIFT_OPTIMIZATION_LEVEL = "-O";
				VALIDATE_PRODUCT = YES;
			};
			name = Release;
		};
		B25CEC1A20DB902100F47F17 /* Debug */ = {
			isa = XCBuildConfiguration;
			baseConfigurationReference = FEFC4C52D2751F2883C14E9A /* Pods-TSRefresh.debug.xcconfig */;
			buildSettings = {
				ASSETCATALOG_COMPILER_APPICON_NAME = AppIcon;
				CLANG_ENABLE_MODULES = YES;
				CODE_SIGN_IDENTITY = "iPhone Developer";
				CODE_SIGN_STYLE = Automatic;
				DEVELOPMENT_TEAM = 5SY74Q2CEY;
				INFOPLIST_FILE = TSRefresh/Info.plist;
				IPHONEOS_DEPLOYMENT_TARGET = 9.0;
				LD_RUNPATH_SEARCH_PATHS = (
					"$(inherited)",
					"@executable_path/Frameworks",
				);
				PRODUCT_BUNDLE_IDENTIFIER = com.caiqr.TSRefresh;
				PRODUCT_NAME = "$(TARGET_NAME)";
				PROVISIONING_PROFILE_SPECIFIER = "";
				SWIFT_OBJC_BRIDGING_HEADER = "TSRefresh/TSRefresh-Bridging-Header.h";
				SWIFT_OPTIMIZATION_LEVEL = "-Onone";
				SWIFT_VERSION = 4.0;
				TARGETED_DEVICE_FAMILY = "1,2";
			};
			name = Debug;
		};
		B25CEC1B20DB902100F47F17 /* Release */ = {
			isa = XCBuildConfiguration;
			baseConfigurationReference = 432EE7685A733F93DB162E69 /* Pods-TSRefresh.release.xcconfig */;
			buildSettings = {
				ASSETCATALOG_COMPILER_APPICON_NAME = AppIcon;
				CLANG_ENABLE_MODULES = YES;
				CODE_SIGN_IDENTITY = "iPhone Developer";
				CODE_SIGN_STYLE = Automatic;
				DEVELOPMENT_TEAM = 5SY74Q2CEY;
				INFOPLIST_FILE = TSRefresh/Info.plist;
				IPHONEOS_DEPLOYMENT_TARGET = 9.0;
				LD_RUNPATH_SEARCH_PATHS = (
					"$(inherited)",
					"@executable_path/Frameworks",
				);
				PRODUCT_BUNDLE_IDENTIFIER = com.caiqr.TSRefresh;
				PRODUCT_NAME = "$(TARGET_NAME)";
				PROVISIONING_PROFILE_SPECIFIER = "";
				SWIFT_OBJC_BRIDGING_HEADER = "TSRefresh/TSRefresh-Bridging-Header.h";
				SWIFT_VERSION = 4.0;
				TARGETED_DEVICE_FAMILY = "1,2";
			};
			name = Release;
		};
		B25CEC1D20DB902100F47F17 /* Debug */ = {
			isa = XCBuildConfiguration;
			buildSettings = {
				ALWAYS_EMBED_SWIFT_STANDARD_LIBRARIES = YES;
				BUNDLE_LOADER = "$(TEST_HOST)";
				CODE_SIGN_STYLE = Automatic;
				INFOPLIST_FILE = TSRefreshTests/Info.plist;
				LD_RUNPATH_SEARCH_PATHS = (
					"$(inherited)",
					"@executable_path/Frameworks",
					"@loader_path/Frameworks",
				);
				PRODUCT_BUNDLE_IDENTIFIER = com.caiqr.TSRefresh.TSRefreshTests;
				PRODUCT_NAME = "$(TARGET_NAME)";
				SWIFT_VERSION = 4.0;
				TARGETED_DEVICE_FAMILY = "1,2";
				TEST_HOST = "$(BUILT_PRODUCTS_DIR)/TSRefresh.app/TSRefresh";
			};
			name = Debug;
		};
		B25CEC1E20DB902100F47F17 /* Release */ = {
			isa = XCBuildConfiguration;
			buildSettings = {
				ALWAYS_EMBED_SWIFT_STANDARD_LIBRARIES = YES;
				BUNDLE_LOADER = "$(TEST_HOST)";
				CODE_SIGN_STYLE = Automatic;
				INFOPLIST_FILE = TSRefreshTests/Info.plist;
				LD_RUNPATH_SEARCH_PATHS = (
					"$(inherited)",
					"@executable_path/Frameworks",
					"@loader_path/Frameworks",
				);
				PRODUCT_BUNDLE_IDENTIFIER = com.caiqr.TSRefresh.TSRefreshTests;
				PRODUCT_NAME = "$(TARGET_NAME)";
				SWIFT_VERSION = 4.0;
				TARGETED_DEVICE_FAMILY = "1,2";
				TEST_HOST = "$(BUILT_PRODUCTS_DIR)/TSRefresh.app/TSRefresh";
			};
			name = Release;
		};
		B25CEC2020DB902100F47F17 /* Debug */ = {
			isa = XCBuildConfiguration;
			buildSettings = {
				ALWAYS_EMBED_SWIFT_STANDARD_LIBRARIES = YES;
				CODE_SIGN_STYLE = Automatic;
				INFOPLIST_FILE = TSRefreshUITests/Info.plist;
				LD_RUNPATH_SEARCH_PATHS = (
					"$(inherited)",
					"@executable_path/Frameworks",
					"@loader_path/Frameworks",
				);
				PRODUCT_BUNDLE_IDENTIFIER = com.caiqr.TSRefresh.TSRefreshUITests;
				PRODUCT_NAME = "$(TARGET_NAME)";
				SWIFT_VERSION = 4.0;
				TARGETED_DEVICE_FAMILY = "1,2";
				TEST_TARGET_NAME = TSRefresh;
			};
			name = Debug;
		};
		B25CEC2120DB902100F47F17 /* Release */ = {
			isa = XCBuildConfiguration;
			buildSettings = {
				ALWAYS_EMBED_SWIFT_STANDARD_LIBRARIES = YES;
				CODE_SIGN_STYLE = Automatic;
				INFOPLIST_FILE = TSRefreshUITests/Info.plist;
				LD_RUNPATH_SEARCH_PATHS = (
					"$(inherited)",
					"@executable_path/Frameworks",
					"@loader_path/Frameworks",
				);
				PRODUCT_BUNDLE_IDENTIFIER = com.caiqr.TSRefresh.TSRefreshUITests;
				PRODUCT_NAME = "$(TARGET_NAME)";
				SWIFT_VERSION = 4.0;
				TARGETED_DEVICE_FAMILY = "1,2";
				TEST_TARGET_NAME = TSRefresh;
			};
			name = Release;
		};
/* End XCBuildConfiguration section */

/* Begin XCConfigurationList section */
		B25CEBEC20DB901F00F47F17 /* Build configuration list for PBXProject "TSRefresh" */ = {
			isa = XCConfigurationList;
			buildConfigurations = (
				B25CEC1720DB902100F47F17 /* Debug */,
				B25CEC1820DB902100F47F17 /* Release */,
			);
			defaultConfigurationIsVisible = 0;
			defaultConfigurationName = Release;
		};
		B25CEC1920DB902100F47F17 /* Build configuration list for PBXNativeTarget "TSRefresh" */ = {
			isa = XCConfigurationList;
			buildConfigurations = (
				B25CEC1A20DB902100F47F17 /* Debug */,
				B25CEC1B20DB902100F47F17 /* Release */,
			);
			defaultConfigurationIsVisible = 0;
			defaultConfigurationName = Release;
		};
		B25CEC1C20DB902100F47F17 /* Build configuration list for PBXNativeTarget "TSRefreshTests" */ = {
			isa = XCConfigurationList;
			buildConfigurations = (
				B25CEC1D20DB902100F47F17 /* Debug */,
				B25CEC1E20DB902100F47F17 /* Release */,
			);
			defaultConfigurationIsVisible = 0;
			defaultConfigurationName = Release;
		};
		B25CEC1F20DB902100F47F17 /* Build configuration list for PBXNativeTarget "TSRefreshUITests" */ = {
			isa = XCConfigurationList;
			buildConfigurations = (
				B25CEC2020DB902100F47F17 /* Debug */,
				B25CEC2120DB902100F47F17 /* Release */,
			);
			defaultConfigurationIsVisible = 0;
			defaultConfigurationName = Release;
		};
/* End XCConfigurationList section */
	};
	rootObject = B25CEBE920DB901F00F47F17 /* Project object */;
}
